
Microsoft Visual Studio Solution File, Format Version 12.00
# Visual Studio Version 17
VisualStudioVersion = 17.8.34004.107
MinimumVisualStudioVersion = 10.0.40219.1
Project("{FAE04EC0-301F-11D3-BF4B-00C04F79EFBC}") = "PROJECT4", "PROJECT4\PROJECT4.csproj", "{665FE1EC-C3BE-4EAA-B714-39BEAC9618C9}"
EndProject
Global
	GlobalSection(SolutionConfigurationPlatforms) = preSolution
		Debug|Any CPU = Debug|Any CPU
		Release|Any CPU = Release|Any CPU
	EndGlobalSection
	GlobalSection(ProjectConfigurationPlatforms) = postSolution
		{665FE1EC-C3BE-4EAA-B714-39BEAC9618C9}.Debug|Any CPU.ActiveCfg = Debug|Any CPU
		{665FE1EC-C3BE-4EAA-B714-39BEAC9618C9}.Debug|Any CPU.Build.0 = Debug|Any CPU
		{665FE1EC-C3BE-4EAA-B714-39BEAC9618C9}.Release|Any CPU.ActiveCfg = Release|Any CPU
		{665FE1EC-C3BE-4EAA-B714-39BEAC9618C9}.Release|Any CPU.Build.0 = Release|Any CPU
	EndGlobalSection
	GlobalSection(SolutionProperties) = preSolution
		HideSolutionNode = FALSE
	EndGlobalSection
	GlobalSection(ExtensibilityGlobals) = postSolution
		SolutionGuid = {2517DAB2-B481-49C5-BAFD-21CFD547FBAC}
	EndGlobalSection
EndGlobal
