
Microsoft Visual Studio Solution File, Format Version 12.00
# Visual Studio Version 17
VisualStudioVersion = 17.7.34031.279
MinimumVisualStudioVersion = 10.0.40219.1
Project("{9A19103F-16F7-4668-BE54-9A1E7A4F7556}") = "PAL", "PAL\PAL.csproj", "{2CE67126-25AF-4839-853A-52AA07A1F3C4}"
EndProject
Project("{9A19103F-16F7-4668-BE54-9A1E7A4F7556}") = "ClaimRasieAPI", "ClaimRasieAPI\ClaimRasieAPI.csproj", "{23E708F2-C1B3-4F25-BE38-E48B261F90A4}"
EndProject
Project("{FAE04EC0-301F-11D3-BF4B-00C04F79EFBC}") = "DAL", "DAL\DAL.csproj", "{3A45E733-AAC5-4123-AC92-6067E881779D}"
EndProject
Project("{FAE04EC0-301F-11D3-BF4B-00C04F79EFBC}") = "MAL", "MAL\MAL.csproj", "{34A0DFF0-8540-47FD-BCA1-4281D0F95D59}"
EndProject
Project("{FAE04EC0-301F-11D3-BF4B-00C04F79EFBC}") = "BAL", "BAL\BAL.csproj", "{52EECD46-71EA-4A47-8935-9B32DDE9A8E5}"
EndProject
Global
	GlobalSection(SolutionConfigurationPlatforms) = preSolution
		Debug|Any CPU = Debug|Any CPU
		Release|Any CPU = Release|Any CPU
	EndGlobalSection
	GlobalSection(ProjectConfigurationPlatforms) = postSolution
		{2CE67126-25AF-4839-853A-52AA07A1F3C4}.Debug|Any CPU.ActiveCfg = Debug|Any CPU
		{2CE67126-25AF-4839-853A-52AA07A1F3C4}.Debug|Any CPU.Build.0 = Debug|Any CPU
		{2CE67126-25AF-4839-853A-52AA07A1F3C4}.Release|Any CPU.ActiveCfg = Release|Any CPU
		{2CE67126-25AF-4839-853A-52AA07A1F3C4}.Release|Any CPU.Build.0 = Release|Any CPU
		{23E708F2-C1B3-4F25-BE38-E48B261F90A4}.Debug|Any CPU.ActiveCfg = Debug|Any CPU
		{23E708F2-C1B3-4F25-BE38-E48B261F90A4}.Debug|Any CPU.Build.0 = Debug|Any CPU
		{23E708F2-C1B3-4F25-BE38-E48B261F90A4}.Release|Any CPU.ActiveCfg = Release|Any CPU
		{23E708F2-C1B3-4F25-BE38-E48B261F90A4}.Release|Any CPU.Build.0 = Release|Any CPU
		{3A45E733-AAC5-4123-AC92-6067E881779D}.Debug|Any CPU.ActiveCfg = Debug|Any CPU
		{3A45E733-AAC5-4123-AC92-6067E881779D}.Debug|Any CPU.Build.0 = Debug|Any CPU
		{3A45E733-AAC5-4123-AC92-6067E881779D}.Release|Any CPU.ActiveCfg = Release|Any CPU
		{3A45E733-AAC5-4123-AC92-6067E881779D}.Release|Any CPU.Build.0 = Release|Any CPU
		{34A0DFF0-8540-47FD-BCA1-4281D0F95D59}.Debug|Any CPU.ActiveCfg = Debug|Any CPU
		{34A0DFF0-8540-47FD-BCA1-4281D0F95D59}.Debug|Any CPU.Build.0 = Debug|Any CPU
		{34A0DFF0-8540-47FD-BCA1-4281D0F95D59}.Release|Any CPU.ActiveCfg = Release|Any CPU
		{34A0DFF0-8540-47FD-BCA1-4281D0F95D59}.Release|Any CPU.Build.0 = Release|Any CPU
		{52EECD46-71EA-4A47-8935-9B32DDE9A8E5}.Debug|Any CPU.ActiveCfg = Debug|Any CPU
		{52EECD46-71EA-4A47-8935-9B32DDE9A8E5}.Debug|Any CPU.Build.0 = Debug|Any CPU
		{52EECD46-71EA-4A47-8935-9B32DDE9A8E5}.Release|Any CPU.ActiveCfg = Release|Any CPU
		{52EECD46-71EA-4A47-8935-9B32DDE9A8E5}.Release|Any CPU.Build.0 = Release|Any CPU
	EndGlobalSection
	GlobalSection(SolutionProperties) = preSolution
		HideSolutionNode = FALSE
	EndGlobalSection
	GlobalSection(ExtensibilityGlobals) = postSolution
		SolutionGuid = {E12B0AF7-982C-4D92-A92C-2AEA2F02EFAC}
	EndGlobalSection
EndGlobal
